{
  "name": "pokercalc",
  "version": "1.0.0",
  "lockfileVersion": 1,
  "requires": true,
  "dependencies": {
    "poker-odds": {
      "version": "1.0.1",
      "resolved": "https://registry.npmjs.org/poker-odds/-/poker-odds-1.0.1.tgz",
      "integrity": "sha512-23EbEsyO+DHeXRkKbmdOWMdj+QInfc4AjL7PhnXtDc1VIQnfzK6jbY4sT75H6KSF6sFOPSKyX9tb0hqcJaAWqA=="
    }
  }
}
